
Microsoft Visual Studio Solution File, Format Version 12.00
# Visual Studio 15
VisualStudioVersion = 15.0.27703.2047
MinimumVisualStudioVersion = 10.0.40219.1
Project("{FAE04EC0-301F-11D3-BF4B-00C04F79EFBC}") = "WindowsFormsApp2", "WindowsFormsApp2\WindowsFormsApp2.csproj", "{EA766610-B843-4A06-92B1-AC9D9030B8BF}"
EndProject
Global
	GlobalSection(SolutionConfigurationPlatforms) = preSolution
		Debug|Any CPU = Debug|Any CPU
		Release|Any CPU = Release|Any CPU
	EndGlobalSection
	GlobalSection(ProjectConfigurationPlatforms) = postSolution
		{EA766610-B843-4A06-92B1-AC9D9030B8BF}.Debug|Any CPU.ActiveCfg = Debug|Any CPU
		{EA766610-B843-4A06-92B1-AC9D9030B8BF}.Debug|Any CPU.Build.0 = Debug|Any CPU
		{EA766610-B843-4A06-92B1-AC9D9030B8BF}.Release|Any CPU.ActiveCfg = Release|Any CPU
		{EA766610-B843-4A06-92B1-AC9D9030B8BF}.Release|Any CPU.Build.0 = Release|Any CPU
	EndGlobalSection
	GlobalSection(SolutionProperties) = preSolution
		HideSolutionNode = FALSE
	EndGlobalSection
	GlobalSection(ExtensibilityGlobals) = postSolution
		SolutionGuid = {46308C32-3DCC-4565-8759-5E91FBA3BC1C}
	EndGlobalSection
EndGlobal
